{
  "name": "elearning-platform",
  "version": "0.1.0",
  "private": true,
  "scripts": {
    "dev": "next dev",
    "build": "next build",
    "start": "next start",
    "lint": "next lint"
  },
  "dependencies": {
    "next": "16.3.5",
    "@google/genai": "^2.23.0",
    "@supabase/ssr": "^0.12.7",
    "@supabase/supabase-js": "^2.116.0",
    "@xmldom/xmldom": "^0.9.12",
    "clsx": "^2.1.1",
    "framer-motion": "^13.4.0",
    "jszip": "^3.10.2",
    "katex": "^0.18.7"
  }
}