{
  "name": "elearning-platform",
  "version": "0.1.0",
  "lockfileVersion": 3,
  "requires": true,
  "private": true,
  "packages": {
    "": {
      "name": "elearning-platform",
      "version": "0.1.0",
      "dependencies": {
        "@google/genai": "^2.23.0",
        "@supabase/ssr": "^0.12.7",
        "@supabase/supabase-js": "^2.116.0",
        "@xmldom/xmldom": "^0.9.12",
        "clsx": "^2.1.1",
        "framer-motion": "^13.4.0",
        "jszip": "^3.10.2",
        "katex": "^0.18.7",
        "lucide-react": "^1.48.0"
      }
    },
    "node_modules/@google/genai": {
      "version": "2.24.0",
      "integrity": "sha512-bIu5eoxF1AaPWs9ivmUJGp1RpDHyapoODvWvnkzRDx2CTIW6UJXFhDdjj0BlRve3ZHMMuEkQBVrA/ALqpW4apA==",
      "hasInstallScript": true,
      "dependencies": {
        "google-auth-library": "^10.3.0",
        "p-retry": "^4.6.2",
        "protobufjs": "^7.5.4",
        "ws": "^8.18.0"
      },
      "engines": {
        "node": ">=20.0.0"
      },
      "peerDependencies": {
        "@modelcontextprotocol/sdk": "^1.25.2"
      },
      "peerDependenciesMeta": {
        "@modelcontextprotocol/sdk": {
          "optional": true
        }
      }
    },
    "node_modules/@supabase/ssr": {
      "version": "0.12.7",
      "integrity": "sha512-wiBtEie1KkRJi9RrZWY3R2imRhX1JY7qMyUCH2z9AUk15gQebNEplM+urbCKamdxaTJLXUU6LlpkJsaxhojCEg==",
      "dependencies": {
        "cookie": "^1.0.2"
      },
      "peerDependencies": {
        "@supabase/supabase-js": "^2.114.0"
      }
    },
    "node_modules/@supabase/supabase-js": {
      "version": "2.117.2",
      "integrity": "sha512-eSG2VKnHR+Clp1PmidZ1/weJ8PJwoybjva3L2GgKqFG4YDS1Iqmc61psKGZP5xw6OMT2O7ZorPR42PY6q1BOXg==",
      "dependencies": {
        "@supabase/auth-js": "2.117.2",
        "@supabase/functions-js": "2.117.2",
        "@supabase/postgrest-js": "2.117.2",
        "@supabase/realtime-js": "2.117.2",
        "@supabase/storage-js": "2.117.2"
      },
      "engines": {
        "node": ">=22.0.0"
      },
      "peerDependencies": {
        "@opentelemetry/api": ">=1.0.0"
      },
      "peerDependenciesMeta": {
        "@opentelemetry/api": {
          "optional": true
        }
      }
    },
    "node_modules/@xmldom/xmldom": {
      "version": "0.9.12",
      "integrity": "sha512-5AXjrcMClTryPe9LgZrygpB1lj7s0S9E0+W+AHaVKAVyHanafK86iPSvG5xHVSp/jC+VH1UXu0TAEmY279xH7A==",
      "engines": {
        "node": ">=14.6"
      }
    },
    "node_modules/clsx": {
      "version": "2.1.1",
      "integrity": "sha512-eYm0QWBtUrBWZWG0d386OGAw16Z995PiOVo2B7bjWSbHedGl5e0ZWaq65kOGgUSNesEIDkB9ISbTg/JK9dhCZA==",
      "engines": {
        "node": ">=6"
      }
    },
    "node_modules/framer-motion": {
      "version": "13.4.4",
      "integrity": "sha512-lbsZO95NGbulo6apz70zEt6Vxf/anoRwQI2ECEc/EQYWO5CGbITtl7plDW8P/VXgXw6e8wrbhH4a9i+ygke0Mg==",
      "dependencies": {
        "motion-dom": "^13.4.4",
        "motion-utils": "^13.3.0",
        "tslib": "^2.4.0"
      },
      "peerDependencies": {
        "react": "^18.0.0 || ^19.0.0",
        "react-dom": "^18.0.0 || ^19.0.0"
      },
      "peerDependenciesMeta": {
        "react": {
          "optional": true
        },
        "react-dom": {
          "optional": true
        }
      }
    },
    "node_modules/jszip": {
      "version": "3.10.2",
      "integrity": "sha512-3l+rb15IOWtUhU0H5MFqES/T6Kh7abYwjosBey/vD6hDt8zoEffkSC5Ws5SGtgVw3gBx2NEbhTeSW1+kWkpyTQ==",
      "dependencies": {
        "lie": "~3.3.0",
        "pako": "~1.0.2",
        "readable-stream": "~2.3.6",
        "setimmediate": "^1.0.5"
      }
    },
    "node_modules/katex": {
      "version": "0.18.9",
      "integrity": "sha512-8ad9RyoKsb/g8/yLFE+KAlP+DhbCTRUNi/V9XGsxn0R+trJJltNwzcDNo0q/DEkOy5fQUQTAQyCXCYSE+OakTQ==",
      "funding": [
        "https://opencollective.com/katex",
        "https://github.com/sponsors/katex"
      ],
      "dependencies": {
        "commander": "^15.0.0"
      },
      "bin": {
        "katex": "cli.js"
      }
    },
    "node_modules/lucide-react": {
      "version": "1.48.0",
      "resolved": "https://registry.npmjs.org/lucide-react/-/lucide-react-1.48.0.tgz",
      "integrity": "sha512-R0CIKY/fXiC6y9xRBADgsK+VW2p/pcTJOMhLZf1T+uG+vJUvyUR02nGOgmIIC7MPkiNK4Ox8QDnbqF8rJYWPZQ==",
      "license": "ISC",
      "peerDependencies": {
        "react": "^16.5.1 || ^17.0.0 || ^18.0.0 || ^19.0.0"
      }
    },
    "node_modules/react": {
      "version": "19.3.0",
      "resolved": "https://registry.npmjs.org/react/-/react-19.3.0.tgz",
      "integrity": "sha512-E8LUcbtBWt20bbl2YoHfx4ZDBdxVTfOKtCZn9cDSJ4l6/nuoApcpIBcj47t2wZoVX8g2ZHuMHbiShgCR1T5Sog==",
      "license": "MIT",
      "peer": true,
      "engines": {
        "node": ">=0.10.0"
      }
    }
  },
  "scripts": {
    "build": "next build",
    "dev": "next dev",
    "lint": "next lint",
    "start": "next start"
  }
}
